<?xml version="1.0" encoding="utf-8"?>
<Project ToolsVersion="4.0" xmlns="http://schemas.microsoft.com/developer/msbuild/2003">
  <ItemGroup>
    <Filter Include="Source Files">
      <UniqueIdentifier>{4FC737F1-C7A5-4376-A066-2A32D752A2FF}</UniqueIdentifier>
      <Extensions>cpp;c;cc;cxx;def;odl;idl;hpj;bat;asm;asmx</Extensions>
    </Filter>
    <Filter Include="Header Files">
      <UniqueIdentifier>{93995380-89BD-4b04-88EB-625FBE52EBFB}</UniqueIdentifier>
      <Extensions>h;hh;hpp;hxx;hm;inl;inc;xsd</Extensions>
    </Filter>
    <Filter Include="Resource Files">
      <UniqueIdentifier>{67DA6AB6-F800-4c08-8B7A-83BB121AAD01}</UniqueIdentifier>
      <Extensions>rc;ico;cur;bmp;dlg;rc2;rct;bin;rgs;gif;jpg;jpeg;jpe;resx;tiff;tif;png;wav</Extensions>
    </Filter>
  </ItemGroup>
  <ItemGroup>
    <ClCompile Include="src\builtin.c">
      <Filter>Source Files</Filter>
    </ClCompile>
    <ClCompile Include="src\bytecode.c">
      <Filter>Source Files</Filter>
    </ClCompile>
    <ClCompile Include="src\compile.c">
      <Filter>Source Files</Filter>
    </ClCompile>
    <ClCompile Include="src\execute.c">
      <Filter>Source Files</Filter>
    </ClCompile>
    <ClCompile Include="src\inject_errors.c">
      <Filter>Source Files</Filter>
    </ClCompile>
    <ClCompile Include="src\jq_test.c">
      <Filter>Source Files</Filter>
    </ClCompile>
    <ClCompile Include="src\jv.c">
      <Filter>Source Files</Filter>
    </ClCompile>
    <ClCompile Include="src\jv_alloc.c">
      <Filter>Source Files</Filter>
    </ClCompile>
    <ClCompile Include="src\jv_aux.c">
      <Filter>Source Files</Filter>
    </ClCompile>
    <ClCompile Include="src\jv_dtoa.c">
      <Filter>Source Files</Filter>
    </ClCompile>
    <ClCompile Include="src\jv_dtoa_tsd.c">
      <Filter>Source Files</Filter>
    </ClCompile>
    <ClCompile Include="src\jv_file.c">
      <Filter>Source Files</Filter>
    </ClCompile>
    <ClCompile Include="src\jv_parse.c">
      <Filter>Source Files</Filter>
    </ClCompile>
    <ClCompile Include="src\jv_print.c">
      <Filter>Source Files</Filter>
    </ClCompile>
    <ClCompile Include="src\jv_unicode.c">
      <Filter>Source Files</Filter>
    </ClCompile>
    <ClCompile Include="src\lexer.c">
      <Filter>Source Files</Filter>
    </ClCompile>
    <ClCompile Include="src\linker.c">
      <Filter>Source Files</Filter>
    </ClCompile>
    <ClCompile Include="src\locfile.c">
      <Filter>Source Files</Filter>
    </ClCompile>
    <ClCompile Include="src\main_jq.c">
      <Filter>Source Files</Filter>
    </ClCompile>
    <ClCompile Include="src\parser.c">
      <Filter>Source Files</Filter>
    </ClCompile>
    <ClCompile Include="src\util.c">
      <Filter>Source Files</Filter>
    </ClCompile>
    <ClCompile Include="src\decnumber\decBasic.c">
      <Filter>Source Files</Filter>
    </ClCompile>
    <ClCompile Include="src\decnumber\decCommon.c">
      <Filter>Source Files</Filter>
    </ClCompile>
    <ClCompile Include="src\decnumber\decContext.c">
      <Filter>Source Files</Filter>
    </ClCompile>
    <ClCompile Include="src\decnumber\decDouble.c">
      <Filter>Source Files</Filter>
    </ClCompile>
    <ClCompile Include="src\decnumber\decimal128.c">
      <Filter>Source Files</Filter>
    </ClCompile>
    <ClCompile Include="src\decnumber\decimal32.c">
      <Filter>Source Files</Filter>
    </ClCompile>
    <ClCompile Include="src\decnumber\decimal64.c">
      <Filter>Source Files</Filter>
    </ClCompile>
    <ClCompile Include="src\decnumber\decNumber.c">
      <Filter>Source Files</Filter>
    </ClCompile>
    <ClCompile Include="src\decnumber\decPacked.c">
      <Filter>Source Files</Filter>
    </ClCompile>
    <ClCompile Include="src\decnumber\decQuad.c">
      <Filter>Source Files</Filter>
    </ClCompile>
    <ClCompile Include="src\decnumber\decSingle.c">
      <Filter>Source Files</Filter>
    </ClCompile>
    <ClCompile Include="src\decnumber\example1.c">
      <Filter>Source Files</Filter>
    </ClCompile>
    <ClCompile Include="src\decnumber\example2.c">
      <Filter>Source Files</Filter>
    </ClCompile>
    <ClCompile Include="src\decnumber\example3.c">
      <Filter>Source Files</Filter>
    </ClCompile>
    <ClCompile Include="src\decnumber\example4.c">
      <Filter>Source Files</Filter>
    </ClCompile>
    <ClCompile Include="src\decnumber\example5.c">
      <Filter>Source Files</Filter>
    </ClCompile>
    <ClCompile Include="src\decnumber\example6.c">
      <Filter>Source Files</Filter>
    </ClCompile>
    <ClCompile Include="src\decnumber\example7.c">
      <Filter>Source Files</Filter>
    </ClCompile>
    <ClCompile Include="src\decnumber\example8.c">
      <Filter>Source Files</Filter>
    </ClCompile>
  </ItemGroup>
  <ItemGroup>
    <ClInclude Include="src\builtin.h">
      <Filter>Header Files</Filter>
    </ClInclude>
    <ClInclude Include="src\bytecode.h">
      <Filter>Header Files</Filter>
    </ClInclude>
    <ClInclude Include="src\compile.h">
      <Filter>Header Files</Filter>
    </ClInclude>
    <ClInclude Include="src\exec_stack.h">
      <Filter>Header Files</Filter>
    </ClInclude>
    <ClInclude Include="src\jq.h">
      <Filter>Header Files</Filter>
    </ClInclude>
    <ClInclude Include="src\jq_parser.h">
      <Filter>Header Files</Filter>
    </ClInclude>
    <ClInclude Include="src\jv.h">
      <Filter>Header Files</Filter>
    </ClInclude>
    <ClInclude Include="src\jv_alloc.h">
      <Filter>Header Files</Filter>
    </ClInclude>
    <ClInclude Include="src\jv_dtoa.h">
      <Filter>Header Files</Filter>
    </ClInclude>
    <ClInclude Include="src\jv_dtoa_tsd.h">
      <Filter>Header Files</Filter>
    </ClInclude>
    <ClInclude Include="src\jv_thread.h">
      <Filter>Header Files</Filter>
    </ClInclude>
    <ClInclude Include="src\jv_type_private.h">
      <Filter>Header Files</Filter>
    </ClInclude>
    <ClInclude Include="src\jv_unicode.h">
      <Filter>Header Files</Filter>
    </ClInclude>
    <ClInclude Include="src\jv_utf8_tables.h">
      <Filter>Header Files</Filter>
    </ClInclude>
    <ClInclude Include="src\lexer.h">
      <Filter>Header Files</Filter>
    </ClInclude>
    <ClInclude Include="src\libm.h">
      <Filter>Header Files</Filter>
    </ClInclude>
    <ClInclude Include="src\linker.h">
      <Filter>Header Files</Filter>
    </ClInclude>
    <ClInclude Include="src\locfile.h">
      <Filter>Header Files</Filter>
    </ClInclude>
    <ClInclude Include="src\opcode_list.h">
      <Filter>Header Files</Filter>
    </ClInclude>
    <ClInclude Include="src\parser.h">
      <Filter>Header Files</Filter>
    </ClInclude>
    <ClInclude Include="src\util.h">
      <Filter>Header Files</Filter>
    </ClInclude>
    <ClInclude Include="src\decnumber\decContext.h">
      <Filter>Header Files</Filter>
    </ClInclude>
    <ClInclude Include="src\decnumber\decDouble.h">
      <Filter>Header Files</Filter>
    </ClInclude>
    <ClInclude Include="src\decnumber\decDPD.h">
      <Filter>Header Files</Filter>
    </ClInclude>
    <ClInclude Include="src\decnumber\decimal128.h">
      <Filter>Header Files</Filter>
    </ClInclude>
    <ClInclude Include="src\decnumber\decimal32.h">
      <Filter>Header Files</Filter>
    </ClInclude>
    <ClInclude Include="src\decnumber\decimal64.h">
      <Filter>Header Files</Filter>
    </ClInclude>
    <ClInclude Include="src\decnumber\decNumber.h">
      <Filter>Header Files</Filter>
    </ClInclude>
    <ClInclude Include="src\decnumber\decNumberLocal.h">
      <Filter>Header Files</Filter>
    </ClInclude>
    <ClInclude Include="src\decnumber\decPacked.h">
      <Filter>Header Files</Filter>
    </ClInclude>
    <ClInclude Include="src\decnumber\decQuad.h">
      <Filter>Header Files</Filter>
    </ClInclude>
    <ClInclude Include="src\decnumber\decSingle.h">
      <Filter>Header Files</Filter>
    </ClInclude>
  </ItemGroup>
  <ItemGroup>
    <None Include="src\decnumber\ICU-license.html" />
  </ItemGroup>
</Project>